
Microsoft Visual Studio Solution File, Format Version 12.00
# Visual Studio Version 16
VisualStudioVersion = 16.0.30114.105
MinimumVisualStudioVersion = 10.0.40219.1
Project("{FAE04EC0-301F-11D3-BF4B-00C04F79EFBC}") = "TeamsWebhook", "TeamsWebhook\TeamsWebhook.csproj", "{E11C81DD-71A0-4AF7-9651-CE3B7EB56696}"
EndProject
Project("{FAE04EC0-301F-11D3-BF4B-00C04F79EFBC}") = "Bots", "Bots\Bots.csproj", "{79960578-AEFF-4CF1-9601-919253CC5F61}"
EndProject
Project("{FAE04EC0-301F-11D3-BF4B-00C04F79EFBC}") = "RandomGenerator", "RandomGenerator\RandomGenerator.csproj", "{7496FE85-FCE2-4289-AC3C-BD6322286717}"
EndProject
Global
	GlobalSection(SolutionConfigurationPlatforms) = preSolution
		Debug|Any CPU = Debug|Any CPU
		Release|Any CPU = Release|Any CPU
	EndGlobalSection
	GlobalSection(ProjectConfigurationPlatforms) = postSolution
		{E11C81DD-71A0-4AF7-9651-CE3B7EB56696}.Debug|Any CPU.ActiveCfg = Debug|Any CPU
		{E11C81DD-71A0-4AF7-9651-CE3B7EB56696}.Debug|Any CPU.Build.0 = Debug|Any CPU
		{E11C81DD-71A0-4AF7-9651-CE3B7EB56696}.Release|Any CPU.ActiveCfg = Release|Any CPU
		{E11C81DD-71A0-4AF7-9651-CE3B7EB56696}.Release|Any CPU.Build.0 = Release|Any CPU
		{79960578-AEFF-4CF1-9601-919253CC5F61}.Debug|Any CPU.ActiveCfg = Debug|Any CPU
		{79960578-AEFF-4CF1-9601-919253CC5F61}.Debug|Any CPU.Build.0 = Debug|Any CPU
		{79960578-AEFF-4CF1-9601-919253CC5F61}.Release|Any CPU.ActiveCfg = Release|Any CPU
		{79960578-AEFF-4CF1-9601-919253CC5F61}.Release|Any CPU.Build.0 = Release|Any CPU
		{7496FE85-FCE2-4289-AC3C-BD6322286717}.Debug|Any CPU.ActiveCfg = Debug|Any CPU
		{7496FE85-FCE2-4289-AC3C-BD6322286717}.Debug|Any CPU.Build.0 = Debug|Any CPU
		{7496FE85-FCE2-4289-AC3C-BD6322286717}.Release|Any CPU.ActiveCfg = Release|Any CPU
		{7496FE85-FCE2-4289-AC3C-BD6322286717}.Release|Any CPU.Build.0 = Release|Any CPU
	EndGlobalSection
	GlobalSection(SolutionProperties) = preSolution
		HideSolutionNode = FALSE
	EndGlobalSection
	GlobalSection(ExtensibilityGlobals) = postSolution
		SolutionGuid = {9C65F3BC-D43B-4ACD-B8D8-F8A8738EB59D}
	EndGlobalSection
EndGlobal
